
Microsoft Visual Studio Solution File, Format Version 12.00
# Visual Studio 15
VisualStudioVersion = 15.0.28307.572
MinimumVisualStudioVersion = 10.0.40219.1
Project("{FAE04EC0-301F-11D3-BF4B-00C04F79EFBC}") = "ProyectoCargaEventosCRM", "ProyectoCargaEventosCRM\ProyectoCargaEventosCRM.csproj", "{2B69BCDF-E336-497B-A8ED-85F31454E020}"
EndProject
Global
	GlobalSection(SolutionConfigurationPlatforms) = preSolution
		Debug|Any CPU = Debug|Any CPU
		Release|Any CPU = Release|Any CPU
	EndGlobalSection
	GlobalSection(ProjectConfigurationPlatforms) = postSolution
		{2B69BCDF-E336-497B-A8ED-85F31454E020}.Debug|Any CPU.ActiveCfg = Debug|Any CPU
		{2B69BCDF-E336-497B-A8ED-85F31454E020}.Debug|Any CPU.Build.0 = Debug|Any CPU
		{2B69BCDF-E336-497B-A8ED-85F31454E020}.Release|Any CPU.ActiveCfg = Release|Any CPU
		{2B69BCDF-E336-497B-A8ED-85F31454E020}.Release|Any CPU.Build.0 = Release|Any CPU
	EndGlobalSection
	GlobalSection(SolutionProperties) = preSolution
		HideSolutionNode = FALSE
	EndGlobalSection
	GlobalSection(ExtensibilityGlobals) = postSolution
		SolutionGuid = {5A8263F2-1C7B-41E3-A551-0380247E268B}
	EndGlobalSection
EndGlobal
